
Microsoft Visual Studio Solution File, Format Version 12.00
# Visual Studio Version 16
VisualStudioVersion = 16.0.30907.101
MinimumVisualStudioVersion = 10.0.40219.1
Project("{FAE04EC0-301F-11D3-BF4B-00C04F79EFBC}") = "UniversityManager", "UniversityManager.csproj", "{B74CB5CC-BF5E-417A-90A9-9A7202EC9DE1}"
EndProject
Project("{FAE04EC0-301F-11D3-BF4B-00C04F79EFBC}") = "Models", "..\Models\Models.csproj", "{A4F8CA45-5E5F-4FE0-ADB4-BFA543C3C5A0}"
EndProject
Global
	GlobalSection(SolutionConfigurationPlatforms) = preSolution
		Debug|Any CPU = Debug|Any CPU
		Release|Any CPU = Release|Any CPU
	EndGlobalSection
	GlobalSection(ProjectConfigurationPlatforms) = postSolution
		{B74CB5CC-BF5E-417A-90A9-9A7202EC9DE1}.Debug|Any CPU.ActiveCfg = Debug|Any CPU
		{B74CB5CC-BF5E-417A-90A9-9A7202EC9DE1}.Debug|Any CPU.Build.0 = Debug|Any CPU
		{B74CB5CC-BF5E-417A-90A9-9A7202EC9DE1}.Release|Any CPU.ActiveCfg = Release|Any CPU
		{B74CB5CC-BF5E-417A-90A9-9A7202EC9DE1}.Release|Any CPU.Build.0 = Release|Any CPU
		{A4F8CA45-5E5F-4FE0-ADB4-BFA543C3C5A0}.Debug|Any CPU.ActiveCfg = Debug|Any CPU
		{A4F8CA45-5E5F-4FE0-ADB4-BFA543C3C5A0}.Debug|Any CPU.Build.0 = Debug|Any CPU
		{A4F8CA45-5E5F-4FE0-ADB4-BFA543C3C5A0}.Release|Any CPU.ActiveCfg = Release|Any CPU
		{A4F8CA45-5E5F-4FE0-ADB4-BFA543C3C5A0}.Release|Any CPU.Build.0 = Release|Any CPU
	EndGlobalSection
	GlobalSection(SolutionProperties) = preSolution
		HideSolutionNode = FALSE
	EndGlobalSection
	GlobalSection(ExtensibilityGlobals) = postSolution
		SolutionGuid = {19408E7E-3B57-497E-B463-5ABF39C128FD}
	EndGlobalSection
EndGlobal
